
Microsoft Visual Studio Solution File, Format Version 12.00
# Visual Studio 15
VisualStudioVersion = 15.0.28307.960
MinimumVisualStudioVersion = 10.0.40219.1
Project("{8BC9CEB8-8B4A-11D0-8D11-00A0C91BC942}") = "ClassRoster", "ClassRoster\ClassRoster.vcxproj", "{6D9ABCA9-8D72-4180-9FB1-7D6B5CB35AAA}"
EndProject
Global
	GlobalSection(SolutionConfigurationPlatforms) = preSolution
		Debug|x64 = Debug|x64
		Debug|x86 = Debug|x86
		Release|x64 = Release|x64
		Release|x86 = Release|x86
	EndGlobalSection
	GlobalSection(ProjectConfigurationPlatforms) = postSolution
		{6D9ABCA9-8D72-4180-9FB1-7D6B5CB35AAA}.Debug|x64.ActiveCfg = Debug|x64
		{6D9ABCA9-8D72-4180-9FB1-7D6B5CB35AAA}.Debug|x64.Build.0 = Debug|x64
		{6D9ABCA9-8D72-4180-9FB1-7D6B5CB35AAA}.Debug|x86.ActiveCfg = Debug|Win32
		{6D9ABCA9-8D72-4180-9FB1-7D6B5CB35AAA}.Debug|x86.Build.0 = Debug|Win32
		{6D9ABCA9-8D72-4180-9FB1-7D6B5CB35AAA}.Release|x64.ActiveCfg = Release|x64
		{6D9ABCA9-8D72-4180-9FB1-7D6B5CB35AAA}.Release|x64.Build.0 = Release|x64
		{6D9ABCA9-8D72-4180-9FB1-7D6B5CB35AAA}.Release|x86.ActiveCfg = Release|Win32
		{6D9ABCA9-8D72-4180-9FB1-7D6B5CB35AAA}.Release|x86.Build.0 = Release|Win32
	EndGlobalSection
	GlobalSection(SolutionProperties) = preSolution
		HideSolutionNode = FALSE
	EndGlobalSection
	GlobalSection(ExtensibilityGlobals) = postSolution
		SolutionGuid = {F0E8AF2A-C167-407C-BD62-22919DB050E8}
	EndGlobalSection
EndGlobal
